
Microsoft Visual Studio Solution File, Format Version 12.00
# Visual Studio Version 16
VisualStudioVersion = 16.0.29215.179
MinimumVisualStudioVersion = 10.0.40219.1
Project("{FAE04EC0-301F-11D3-BF4B-00C04F79EFBC}") = "lab_01_hello_world", "lab_01_hello_world\lab_01_hello_world.csproj", "{D812E536-CFFD-4758-9382-795D8DBC7972}"
EndProject
Project("{9A19103F-16F7-4668-BE54-9A1E7A4F7556}") = "lab_02_class", "lab_02_class\lab_02_class.csproj", "{8F21BD82-5ED6-4209-A4C5-1793A61BDA53}"
EndProject
Project("{9A19103F-16F7-4668-BE54-9A1E7A4F7556}") = "lab_03_private_public_fields", "lab_03_private_public_fields\lab_03_private_public_fields.csproj", "{480DF862-AEC1-4C74-8EB8-198767546F24}"
EndProject
Project("{9A19103F-16F7-4668-BE54-9A1E7A4F7556}") = "lab_04_class_summary", "lab_04_class_summary\lab_04_class_summary.csproj", "{42D4617A-2897-490C-BDB3-BC4A36FD4CBA}"
EndProject
Project("{9A19103F-16F7-4668-BE54-9A1E7A4F7556}") = "lab_04_properties", "lab_04_properties\lab_04_properties.csproj", "{0D9A8F65-BE32-4FF6-9E48-505695B82F24}"
EndProject
Project("{9A19103F-16F7-4668-BE54-9A1E7A4F7556}") = "lab_05_list_of_rabbits", "lab_05_list_of_rabbits\lab_05_list_of_rabbits.csproj", "{E079BC55-F1B0-4F3D-ADC3-867466512700}"
EndProject
Project("{9A19103F-16F7-4668-BE54-9A1E7A4F7556}") = "lab_06_inheritance", "lab_06_inheritance\lab_06_inheritance.csproj", "{08DDB8BF-B94A-4516-806B-D245BFEAF3AF}"
EndProject
Project("{9A19103F-16F7-4668-BE54-9A1E7A4F7556}") = "lab_07_methods", "lab_07_methods\lab_07_methods.csproj", "{91DA8019-7021-4B76-8AF2-69DA205ADB7F}"
EndProject
Project("{9A19103F-16F7-4668-BE54-9A1E7A4F7556}") = "lab_08_dynamic", "lab_08_dynamic\lab_08_dynamic.csproj", "{04E65D57-2175-4C3F-82DD-0029E0CE596A}"
EndProject
Project("{9A19103F-16F7-4668-BE54-9A1E7A4F7556}") = "lab_09_constructor", "lab_09_constructor\lab_09_constructor.csproj", "{4CF86C3F-2052-48E6-BC7B-867D889A1D69}"
EndProject
Project("{9A19103F-16F7-4668-BE54-9A1E7A4F7556}") = "lab_10_overloading", "lab_10_overloading\lab_10_overloading.csproj", "{CE5278D9-5939-49DE-85BC-F33BC23E8B1B}"
EndProject
Project("{9A19103F-16F7-4668-BE54-9A1E7A4F7556}") = "lab_11_polymorphism", "lab_11_polymorphism\lab_11_polymorphism.csproj", "{C462E875-2293-4989-94DE-BB1C0C62E7B7}"
EndProject
Project("{9A19103F-16F7-4668-BE54-9A1E7A4F7556}") = "lab_12_rabbit_explosion", "lab_12_rabbit_explosion\lab_12_rabbit_explosion.csproj", "{F8ABB7A5-738A-48B9-9C00-D25511711A23}"
EndProject
Project("{9A19103F-16F7-4668-BE54-9A1E7A4F7556}") = "lab_12_rabbit_explosion_2exp", "lab_12_rabbit_explosion_2exp\lab_12_rabbit_explosion_2exp.csproj", "{A1AAD4C4-2A85-4829-8953-1CA23CA9E99D}"
EndProject
Project("{9A19103F-16F7-4668-BE54-9A1E7A4F7556}") = "lab_12_rabbit_explosion_3age", "lab_12_rabbit_explosion_3age\lab_12_rabbit_explosion_3age.csproj", "{0AA4937D-8D1B-4296-866C-73162761FAC3}"
EndProject
Project("{9A19103F-16F7-4668-BE54-9A1E7A4F7556}") = "NUnit_Tests", "NUnit_Tests\NUnit_Tests.csproj", "{78ED0C07-C960-462B-A34F-999D751E9FE0}"
EndProject
Project("{9A19103F-16F7-4668-BE54-9A1E7A4F7556}") = "lab_13_test_me_out", "lab_12_test_me_out\lab_13_test_me_out.csproj", "{AF16BB55-8E51-42CE-AF3E-957A415DCF32}"
EndProject
Project("{9A19103F-16F7-4668-BE54-9A1E7A4F7556}") = "lab_14_files", "lab_14_files\lab_14_files.csproj", "{E9461CFD-CD48-4CDD-8B01-65E7498C3E13}"
EndProject
Project("{9A19103F-16F7-4668-BE54-9A1E7A4F7556}") = "lab_15_stopwatch", "lab_15_stopwatch\lab_15_stopwatch.csproj", "{94421AA8-22A1-48E0-9C7E-CEF9E6533621}"
EndProject
Project("{9A19103F-16F7-4668-BE54-9A1E7A4F7556}") = "lab_16_abstract_class", "lab_16_abstract_class\lab_16_abstract_class.csproj", "{D4FE0B75-EC17-4C4B-A920-5A94D7659F2D}"
EndProject
Project("{FAE04EC0-301F-11D3-BF4B-00C04F79EFBC}") = "lab_17_rabbit_explosion_wpf", "lab_17_rabbit_explosion_wpf\lab_17_rabbit_explosion_wpf.csproj", "{C129E910-03D7-4D11-BEFD-F196662F286F}"
EndProject
Project("{FAE04EC0-301F-11D3-BF4B-00C04F79EFBC}") = "Just_Do_It_rabbit_game", "lab_18_rabbit_game\Just_Do_It_rabbit_game.csproj", "{69BFFFB4-662B-438D-80F7-968DDD27266E}"
EndProject
Project("{FAE04EC0-301F-11D3-BF4B-00C04F79EFBC}") = "lab_17_rabbit_database_explosion", "lab_17_rabbit_database_explosion\lab_17_rabbit_database_explosion.csproj", "{685B0867-47D7-44F1-9350-5AA2BF0A9CB7}"
EndProject
Project("{FAE04EC0-301F-11D3-BF4B-00C04F79EFBC}") = "Just_Do_It_12_Rabbit_Explosion", "Just_Do_It_12_Rabbit_Explosion\Just_Do_It_12_Rabbit_Explosion.csproj", "{CA9FA13A-64C2-4FA3-AD5E-5D2040505355}"
EndProject
Project("{FAE04EC0-301F-11D3-BF4B-00C04F79EFBC}") = "Just_Do_It_12_Rabbit_Explosion_Extra", "Just_Do_It_12_Rabbit_Explosion_Extra\Just_Do_It_12_Rabbit_Explosion_Extra.csproj", "{0D05ACFC-0366-4875-A5BD-FB2E207A83FE}"
EndProject
Project("{FAE04EC0-301F-11D3-BF4B-00C04F79EFBC}") = "lab_18_Rabbit_Database_CRUD", "lab_18_Rabbit_Database_CRUD\lab_18_Rabbit_Database_CRUD.csproj", "{96FB9F36-8E07-470C-8A96-175D20041759}"
EndProject
Project("{FAE04EC0-301F-11D3-BF4B-00C04F79EFBC}") = "lab_19_struct", "lab_19_struct\lab_19_struct.csproj", "{75E642C0-53EA-468C-8048-8C2B4F2D86DE}"
EndProject
Project("{FAE04EC0-301F-11D3-BF4B-00C04F79EFBC}") = "wpf_metroui_firstproject", "wpf_metroui_firstproject\wpf_metroui_firstproject.csproj", "{D7A553C8-C132-42B8-BA08-F68DB5F3836C}"
EndProject
Project("{FAE04EC0-301F-11D3-BF4B-00C04F79EFBC}") = "lab_20_arrays", "lab_20_arrays\lab_20_arrays.csproj", "{79CFDBAD-53B4-4003-A3FE-2382B831D873}"
EndProject
Project("{FAE04EC0-301F-11D3-BF4B-00C04F79EFBC}") = "lab_21_collections", "lab_21_collections\lab_21_collections.csproj", "{BD813F34-8D89-403C-B0CA-743D6CD310EC}"
EndProject
Project("{FAE04EC0-301F-11D3-BF4B-00C04F79EFBC}") = "lab_22_Northwind", "ConsoleApp1\lab_22_Northwind.csproj", "{F78B5047-B892-4C75-B914-4524D34F7824}"
EndProject
Global
	GlobalSection(SolutionConfigurationPlatforms) = preSolution
		Debug|Any CPU = Debug|Any CPU
		Release|Any CPU = Release|Any CPU
	EndGlobalSection
	GlobalSection(ProjectConfigurationPlatforms) = postSolution
		{D812E536-CFFD-4758-9382-795D8DBC7972}.Debug|Any CPU.ActiveCfg = Debug|Any CPU
		{D812E536-CFFD-4758-9382-795D8DBC7972}.Debug|Any CPU.Build.0 = Debug|Any CPU
		{D812E536-CFFD-4758-9382-795D8DBC7972}.Release|Any CPU.ActiveCfg = Release|Any CPU
		{D812E536-CFFD-4758-9382-795D8DBC7972}.Release|Any CPU.Build.0 = Release|Any CPU
		{8F21BD82-5ED6-4209-A4C5-1793A61BDA53}.Debug|Any CPU.ActiveCfg = Debug|Any CPU
		{8F21BD82-5ED6-4209-A4C5-1793A61BDA53}.Debug|Any CPU.Build.0 = Debug|Any CPU
		{8F21BD82-5ED6-4209-A4C5-1793A61BDA53}.Release|Any CPU.ActiveCfg = Release|Any CPU
		{8F21BD82-5ED6-4209-A4C5-1793A61BDA53}.Release|Any CPU.Build.0 = Release|Any CPU
		{480DF862-AEC1-4C74-8EB8-198767546F24}.Debug|Any CPU.ActiveCfg = Debug|Any CPU
		{480DF862-AEC1-4C74-8EB8-198767546F24}.Debug|Any CPU.Build.0 = Debug|Any CPU
		{480DF862-AEC1-4C74-8EB8-198767546F24}.Release|Any CPU.ActiveCfg = Release|Any CPU
		{480DF862-AEC1-4C74-8EB8-198767546F24}.Release|Any CPU.Build.0 = Release|Any CPU
		{42D4617A-2897-490C-BDB3-BC4A36FD4CBA}.Debug|Any CPU.ActiveCfg = Debug|Any CPU
		{42D4617A-2897-490C-BDB3-BC4A36FD4CBA}.Debug|Any CPU.Build.0 = Debug|Any CPU
		{42D4617A-2897-490C-BDB3-BC4A36FD4CBA}.Release|Any CPU.ActiveCfg = Release|Any CPU
		{42D4617A-2897-490C-BDB3-BC4A36FD4CBA}.Release|Any CPU.Build.0 = Release|Any CPU
		{0D9A8F65-BE32-4FF6-9E48-505695B82F24}.Debug|Any CPU.ActiveCfg = Debug|Any CPU
		{0D9A8F65-BE32-4FF6-9E48-505695B82F24}.Debug|Any CPU.Build.0 = Debug|Any CPU
		{0D9A8F65-BE32-4FF6-9E48-505695B82F24}.Release|Any CPU.ActiveCfg = Release|Any CPU
		{0D9A8F65-BE32-4FF6-9E48-505695B82F24}.Release|Any CPU.Build.0 = Release|Any CPU
		{E079BC55-F1B0-4F3D-ADC3-867466512700}.Debug|Any CPU.ActiveCfg = Debug|Any CPU
		{E079BC55-F1B0-4F3D-ADC3-867466512700}.Debug|Any CPU.Build.0 = Debug|Any CPU
		{E079BC55-F1B0-4F3D-ADC3-867466512700}.Release|Any CPU.ActiveCfg = Release|Any CPU
		{E079BC55-F1B0-4F3D-ADC3-867466512700}.Release|Any CPU.Build.0 = Release|Any CPU
		{08DDB8BF-B94A-4516-806B-D245BFEAF3AF}.Debug|Any CPU.ActiveCfg = Debug|Any CPU
		{08DDB8BF-B94A-4516-806B-D245BFEAF3AF}.Debug|Any CPU.Build.0 = Debug|Any CPU
		{08DDB8BF-B94A-4516-806B-D245BFEAF3AF}.Release|Any CPU.ActiveCfg = Release|Any CPU
		{08DDB8BF-B94A-4516-806B-D245BFEAF3AF}.Release|Any CPU.Build.0 = Release|Any CPU
		{91DA8019-7021-4B76-8AF2-69DA205ADB7F}.Debug|Any CPU.ActiveCfg = Debug|Any CPU
		{91DA8019-7021-4B76-8AF2-69DA205ADB7F}.Debug|Any CPU.Build.0 = Debug|Any CPU
		{91DA8019-7021-4B76-8AF2-69DA205ADB7F}.Release|Any CPU.ActiveCfg = Release|Any CPU
		{91DA8019-7021-4B76-8AF2-69DA205ADB7F}.Release|Any CPU.Build.0 = Release|Any CPU
		{04E65D57-2175-4C3F-82DD-0029E0CE596A}.Debug|Any CPU.ActiveCfg = Debug|Any CPU
		{04E65D57-2175-4C3F-82DD-0029E0CE596A}.Debug|Any CPU.Build.0 = Debug|Any CPU
		{04E65D57-2175-4C3F-82DD-0029E0CE596A}.Release|Any CPU.ActiveCfg = Release|Any CPU
		{04E65D57-2175-4C3F-82DD-0029E0CE596A}.Release|Any CPU.Build.0 = Release|Any CPU
		{4CF86C3F-2052-48E6-BC7B-867D889A1D69}.Debug|Any CPU.ActiveCfg = Debug|Any CPU
		{4CF86C3F-2052-48E6-BC7B-867D889A1D69}.Debug|Any CPU.Build.0 = Debug|Any CPU
		{4CF86C3F-2052-48E6-BC7B-867D889A1D69}.Release|Any CPU.ActiveCfg = Release|Any CPU
		{4CF86C3F-2052-48E6-BC7B-867D889A1D69}.Release|Any CPU.Build.0 = Release|Any CPU
		{CE5278D9-5939-49DE-85BC-F33BC23E8B1B}.Debug|Any CPU.ActiveCfg = Debug|Any CPU
		{CE5278D9-5939-49DE-85BC-F33BC23E8B1B}.Debug|Any CPU.Build.0 = Debug|Any CPU
		{CE5278D9-5939-49DE-85BC-F33BC23E8B1B}.Release|Any CPU.ActiveCfg = Release|Any CPU
		{CE5278D9-5939-49DE-85BC-F33BC23E8B1B}.Release|Any CPU.Build.0 = Release|Any CPU
		{C462E875-2293-4989-94DE-BB1C0C62E7B7}.Debug|Any CPU.ActiveCfg = Debug|Any CPU
		{C462E875-2293-4989-94DE-BB1C0C62E7B7}.Debug|Any CPU.Build.0 = Debug|Any CPU
		{C462E875-2293-4989-94DE-BB1C0C62E7B7}.Release|Any CPU.ActiveCfg = Release|Any CPU
		{C462E875-2293-4989-94DE-BB1C0C62E7B7}.Release|Any CPU.Build.0 = Release|Any CPU
		{F8ABB7A5-738A-48B9-9C00-D25511711A23}.Debug|Any CPU.ActiveCfg = Debug|Any CPU
		{F8ABB7A5-738A-48B9-9C00-D25511711A23}.Debug|Any CPU.Build.0 = Debug|Any CPU
		{F8ABB7A5-738A-48B9-9C00-D25511711A23}.Release|Any CPU.ActiveCfg = Release|Any CPU
		{F8ABB7A5-738A-48B9-9C00-D25511711A23}.Release|Any CPU.Build.0 = Release|Any CPU
		{A1AAD4C4-2A85-4829-8953-1CA23CA9E99D}.Debug|Any CPU.ActiveCfg = Debug|Any CPU
		{A1AAD4C4-2A85-4829-8953-1CA23CA9E99D}.Debug|Any CPU.Build.0 = Debug|Any CPU
		{A1AAD4C4-2A85-4829-8953-1CA23CA9E99D}.Release|Any CPU.ActiveCfg = Release|Any CPU
		{A1AAD4C4-2A85-4829-8953-1CA23CA9E99D}.Release|Any CPU.Build.0 = Release|Any CPU
		{0AA4937D-8D1B-4296-866C-73162761FAC3}.Debug|Any CPU.ActiveCfg = Debug|Any CPU
		{0AA4937D-8D1B-4296-866C-73162761FAC3}.Debug|Any CPU.Build.0 = Debug|Any CPU
		{0AA4937D-8D1B-4296-866C-73162761FAC3}.Release|Any CPU.ActiveCfg = Release|Any CPU
		{0AA4937D-8D1B-4296-866C-73162761FAC3}.Release|Any CPU.Build.0 = Release|Any CPU
		{78ED0C07-C960-462B-A34F-999D751E9FE0}.Debug|Any CPU.ActiveCfg = Debug|Any CPU
		{78ED0C07-C960-462B-A34F-999D751E9FE0}.Debug|Any CPU.Build.0 = Debug|Any CPU
		{78ED0C07-C960-462B-A34F-999D751E9FE0}.Release|Any CPU.ActiveCfg = Release|Any CPU
		{78ED0C07-C960-462B-A34F-999D751E9FE0}.Release|Any CPU.Build.0 = Release|Any CPU
		{AF16BB55-8E51-42CE-AF3E-957A415DCF32}.Debug|Any CPU.ActiveCfg = Debug|Any CPU
		{AF16BB55-8E51-42CE-AF3E-957A415DCF32}.Debug|Any CPU.Build.0 = Debug|Any CPU
		{AF16BB55-8E51-42CE-AF3E-957A415DCF32}.Release|Any CPU.ActiveCfg = Release|Any CPU
		{AF16BB55-8E51-42CE-AF3E-957A415DCF32}.Release|Any CPU.Build.0 = Release|Any CPU
		{E9461CFD-CD48-4CDD-8B01-65E7498C3E13}.Debug|Any CPU.ActiveCfg = Debug|Any CPU
		{E9461CFD-CD48-4CDD-8B01-65E7498C3E13}.Debug|Any CPU.Build.0 = Debug|Any CPU
		{E9461CFD-CD48-4CDD-8B01-65E7498C3E13}.Release|Any CPU.ActiveCfg = Release|Any CPU
		{E9461CFD-CD48-4CDD-8B01-65E7498C3E13}.Release|Any CPU.Build.0 = Release|Any CPU
		{94421AA8-22A1-48E0-9C7E-CEF9E6533621}.Debug|Any CPU.ActiveCfg = Debug|Any CPU
		{94421AA8-22A1-48E0-9C7E-CEF9E6533621}.Debug|Any CPU.Build.0 = Debug|Any CPU
		{94421AA8-22A1-48E0-9C7E-CEF9E6533621}.Release|Any CPU.ActiveCfg = Release|Any CPU
		{94421AA8-22A1-48E0-9C7E-CEF9E6533621}.Release|Any CPU.Build.0 = Release|Any CPU
		{D4FE0B75-EC17-4C4B-A920-5A94D7659F2D}.Debug|Any CPU.ActiveCfg = Debug|Any CPU
		{D4FE0B75-EC17-4C4B-A920-5A94D7659F2D}.Debug|Any CPU.Build.0 = Debug|Any CPU
		{D4FE0B75-EC17-4C4B-A920-5A94D7659F2D}.Release|Any CPU.ActiveCfg = Release|Any CPU
		{D4FE0B75-EC17-4C4B-A920-5A94D7659F2D}.Release|Any CPU.Build.0 = Release|Any CPU
		{C129E910-03D7-4D11-BEFD-F196662F286F}.Debug|Any CPU.ActiveCfg = Debug|Any CPU
		{C129E910-03D7-4D11-BEFD-F196662F286F}.Debug|Any CPU.Build.0 = Debug|Any CPU
		{C129E910-03D7-4D11-BEFD-F196662F286F}.Release|Any CPU.ActiveCfg = Release|Any CPU
		{C129E910-03D7-4D11-BEFD-F196662F286F}.Release|Any CPU.Build.0 = Release|Any CPU
		{69BFFFB4-662B-438D-80F7-968DDD27266E}.Debug|Any CPU.ActiveCfg = Debug|Any CPU
		{69BFFFB4-662B-438D-80F7-968DDD27266E}.Debug|Any CPU.Build.0 = Debug|Any CPU
		{69BFFFB4-662B-438D-80F7-968DDD27266E}.Release|Any CPU.ActiveCfg = Release|Any CPU
		{69BFFFB4-662B-438D-80F7-968DDD27266E}.Release|Any CPU.Build.0 = Release|Any CPU
		{685B0867-47D7-44F1-9350-5AA2BF0A9CB7}.Debug|Any CPU.ActiveCfg = Debug|Any CPU
		{685B0867-47D7-44F1-9350-5AA2BF0A9CB7}.Debug|Any CPU.Build.0 = Debug|Any CPU
		{685B0867-47D7-44F1-9350-5AA2BF0A9CB7}.Release|Any CPU.ActiveCfg = Release|Any CPU
		{685B0867-47D7-44F1-9350-5AA2BF0A9CB7}.Release|Any CPU.Build.0 = Release|Any CPU
		{CA9FA13A-64C2-4FA3-AD5E-5D2040505355}.Debug|Any CPU.ActiveCfg = Debug|Any CPU
		{CA9FA13A-64C2-4FA3-AD5E-5D2040505355}.Debug|Any CPU.Build.0 = Debug|Any CPU
		{CA9FA13A-64C2-4FA3-AD5E-5D2040505355}.Release|Any CPU.ActiveCfg = Release|Any CPU
		{CA9FA13A-64C2-4FA3-AD5E-5D2040505355}.Release|Any CPU.Build.0 = Release|Any CPU
		{0D05ACFC-0366-4875-A5BD-FB2E207A83FE}.Debug|Any CPU.ActiveCfg = Debug|Any CPU
		{0D05ACFC-0366-4875-A5BD-FB2E207A83FE}.Debug|Any CPU.Build.0 = Debug|Any CPU
		{0D05ACFC-0366-4875-A5BD-FB2E207A83FE}.Release|Any CPU.ActiveCfg = Release|Any CPU
		{0D05ACFC-0366-4875-A5BD-FB2E207A83FE}.Release|Any CPU.Build.0 = Release|Any CPU
		{96FB9F36-8E07-470C-8A96-175D20041759}.Debug|Any CPU.ActiveCfg = Debug|Any CPU
		{96FB9F36-8E07-470C-8A96-175D20041759}.Debug|Any CPU.Build.0 = Debug|Any CPU
		{96FB9F36-8E07-470C-8A96-175D20041759}.Release|Any CPU.ActiveCfg = Release|Any CPU
		{96FB9F36-8E07-470C-8A96-175D20041759}.Release|Any CPU.Build.0 = Release|Any CPU
		{75E642C0-53EA-468C-8048-8C2B4F2D86DE}.Debug|Any CPU.ActiveCfg = Debug|Any CPU
		{75E642C0-53EA-468C-8048-8C2B4F2D86DE}.Debug|Any CPU.Build.0 = Debug|Any CPU
		{75E642C0-53EA-468C-8048-8C2B4F2D86DE}.Release|Any CPU.ActiveCfg = Release|Any CPU
		{75E642C0-53EA-468C-8048-8C2B4F2D86DE}.Release|Any CPU.Build.0 = Release|Any CPU
		{D7A553C8-C132-42B8-BA08-F68DB5F3836C}.Debug|Any CPU.ActiveCfg = Debug|Any CPU
		{D7A553C8-C132-42B8-BA08-F68DB5F3836C}.Debug|Any CPU.Build.0 = Debug|Any CPU
		{D7A553C8-C132-42B8-BA08-F68DB5F3836C}.Release|Any CPU.ActiveCfg = Release|Any CPU
		{D7A553C8-C132-42B8-BA08-F68DB5F3836C}.Release|Any CPU.Build.0 = Release|Any CPU
		{79CFDBAD-53B4-4003-A3FE-2382B831D873}.Debug|Any CPU.ActiveCfg = Debug|Any CPU
		{79CFDBAD-53B4-4003-A3FE-2382B831D873}.Debug|Any CPU.Build.0 = Debug|Any CPU
		{79CFDBAD-53B4-4003-A3FE-2382B831D873}.Release|Any CPU.ActiveCfg = Release|Any CPU
		{79CFDBAD-53B4-4003-A3FE-2382B831D873}.Release|Any CPU.Build.0 = Release|Any CPU
		{BD813F34-8D89-403C-B0CA-743D6CD310EC}.Debug|Any CPU.ActiveCfg = Debug|Any CPU
		{BD813F34-8D89-403C-B0CA-743D6CD310EC}.Debug|Any CPU.Build.0 = Debug|Any CPU
		{BD813F34-8D89-403C-B0CA-743D6CD310EC}.Release|Any CPU.ActiveCfg = Release|Any CPU
		{BD813F34-8D89-403C-B0CA-743D6CD310EC}.Release|Any CPU.Build.0 = Release|Any CPU
		{F78B5047-B892-4C75-B914-4524D34F7824}.Debug|Any CPU.ActiveCfg = Debug|Any CPU
		{F78B5047-B892-4C75-B914-4524D34F7824}.Debug|Any CPU.Build.0 = Debug|Any CPU
		{F78B5047-B892-4C75-B914-4524D34F7824}.Release|Any CPU.ActiveCfg = Release|Any CPU
		{F78B5047-B892-4C75-B914-4524D34F7824}.Release|Any CPU.Build.0 = Release|Any CPU
	EndGlobalSection
	GlobalSection(SolutionProperties) = preSolution
		HideSolutionNode = FALSE
	EndGlobalSection
	GlobalSection(ExtensibilityGlobals) = postSolution
		SolutionGuid = {01A04835-5DCE-4874-B23F-1E0CF5EEA92A}
	EndGlobalSection
EndGlobal
